// !$*UTF8*$!
{
	archiveVersion = 1;
	classes = {
	};
	objectVersion = 48;
	objects = {

/* Begin PBXBuildFile section */
		76768F44209CF6A00074ADA5 /* AppDelegate.swift in Sources */ = {isa = PBXBuildFile; fileRef = 76768F43209CF6A00074ADA5 /* AppDelegate.swift */; };
		76768F49209CF6A00074ADA5 /* Main.storyboard in Resources */ = {isa = PBXBuildFile; fileRef = 76768F47209CF6A00074ADA5 /* Main.storyboard */; };
		76768F4C209CF6A00074ADA5 /* Test03.xcdatamodeld in Sources */ = {isa = PBXBuildFile; fileRef = 76768F4A209CF6A00074ADA5 /* Test03.xcdatamodeld */; };
		76768F4E209CF6A00074ADA5 /* Assets.xcassets in Resources */ = {isa = PBXBuildFile; fileRef = 76768F4D209CF6A00074ADA5 /* Assets.xcassets */; };
		76768F51209CF6A00074ADA5 /* LaunchScreen.storyboard in Resources */ = {isa = PBXBuildFile; fileRef = 76768F4F209CF6A00074ADA5 /* LaunchScreen.storyboard */; };
		76768F5B209CF9720074ADA5 /* SpendingViewController.swift in Sources */ = {isa = PBXBuildFile; fileRef = 76768F5A209CF9720074ADA5 /* SpendingViewController.swift */; };
		76DA33A5209D3F750088066D /* MonthsTableViewController.swift in Sources */ = {isa = PBXBuildFile; fileRef = 76DA33A4209D3F750088066D /* MonthsTableViewController.swift */; };
		76DA33A7209D42280088066D /* TransactionNavigationViewController.swift in Sources */ = {isa = PBXBuildFile; fileRef = 76DA33A6209D42280088066D /* TransactionNavigationViewController.swift */; };
		76DA33A9209D44DD0088066D /* CategoryTableViewController.swift in Sources */ = {isa = PBXBuildFile; fileRef = 76DA33A8209D44DD0088066D /* CategoryTableViewController.swift */; };
		76DA33AB209D48890088066D /* TransactionListViewController.swift in Sources */ = {isa = PBXBuildFile; fileRef = 76DA33AA209D48890088066D /* TransactionListViewController.swift */; };
/* End PBXBuildFile section */

/* Begin PBXFileReference section */
		76768F40209CF6A00074ADA5 /* Test03.app */ = {isa = PBXFileReference; explicitFileType = wrapper.application; includeInIndex = 0; path = Test03.app; sourceTree = BUILT_PRODUCTS_DIR; };
		76768F43209CF6A00074ADA5 /* AppDelegate.swift */ = {isa = PBXFileReference; lastKnownFileType = sourcecode.swift; path = AppDelegate.swift; sourceTree = "<group>"; };
		76768F48209CF6A00074ADA5 /* Base */ = {isa = PBXFileReference; lastKnownFileType = file.storyboard; name = Base; path = Base.lproj/Main.storyboard; sourceTree = "<group>"; };
		76768F4B209CF6A00074ADA5 /* Test03.xcdatamodel */ = {isa = PBXFileReference; lastKnownFileType = wrapper.xcdatamodel; path = Test03.xcdatamodel; sourceTree = "<group>"; };
		76768F4D209CF6A00074ADA5 /* Assets.xcassets */ = {isa = PBXFileReference; lastKnownFileType = folder.assetcatalog; path = Assets.xcassets; sourceTree = "<group>"; };
		76768F50209CF6A00074ADA5 /* Base */ = {isa = PBXFileReference; lastKnownFileType = file.storyboard; name = Base; path = Base.lproj/LaunchScreen.storyboard; sourceTree = "<group>"; };
		76768F52209CF6A00074ADA5 /* Info.plist */ = {isa = PBXFileReference; lastKnownFileType = text.plist.xml; path = Info.plist; sourceTree = "<group>"; };
		76768F5A209CF9720074ADA5 /* SpendingViewController.swift */ = {isa = PBXFileReference; lastKnownFileType = sourcecode.swift; path = SpendingViewController.swift; sourceTree = "<group>"; };
		76DA33A4209D3F750088066D /* MonthsTableViewController.swift */ = {isa = PBXFileReference; lastKnownFileType = sourcecode.swift; path = MonthsTableViewController.swift; sourceTree = "<group>"; };
		76DA33A6209D42280088066D /* TransactionNavigationViewController.swift */ = {isa = PBXFileReference; lastKnownFileType = sourcecode.swift; path = TransactionNavigationViewController.swift; sourceTree = "<group>"; };
		76DA33A8209D44DD0088066D /* CategoryTableViewController.swift */ = {isa = PBXFileReference; lastKnownFileType = sourcecode.swift; path = CategoryTableViewController.swift; sourceTree = "<group>"; };
		76DA33AA209D48890088066D /* TransactionListViewController.swift */ = {isa = PBXFileReference; lastKnownFileType = sourcecode.swift; path = TransactionListViewController.swift; sourceTree = "<group>"; };
/* End PBXFileReference section */

/* Begin PBXFrameworksBuildPhase section */
		76768F3D209CF6A00074ADA5 /* Frameworks */ = {
			isa = PBXFrameworksBuildPhase;
			buildActionMask = 2147483647;
			files = (
			);
			runOnlyForDeploymentPostprocessing = 0;
		};
/* End PBXFrameworksBuildPhase section */

/* Begin PBXGroup section */
		76768F37209CF6A00074ADA5 = {
			isa = PBXGroup;
			children = (
				76768F42209CF6A00074ADA5 /* Test03 */,
				76768F41209CF6A00074ADA5 /* Products */,
			);
			sourceTree = "<group>";
		};
		76768F41209CF6A00074ADA5 /* Products */ = {
			isa = PBXGroup;
			children = (
				76768F40209CF6A00074ADA5 /* Test03.app */,
			);
			name = Products;
			sourceTree = "<group>";
		};
		76768F42209CF6A00074ADA5 /* Test03 */ = {
			isa = PBXGroup;
			children = (
				76768F43209CF6A00074ADA5 /* AppDelegate.swift */,
				76768F47209CF6A00074ADA5 /* Main.storyboard */,
				76DA33A6209D42280088066D /* TransactionNavigationViewController.swift */,
				76DA33A4209D3F750088066D /* MonthsTableViewController.swift */,
				76768F4D209CF6A00074ADA5 /* Assets.xcassets */,
				76768F4F209CF6A00074ADA5 /* LaunchScreen.storyboard */,
				76768F52209CF6A00074ADA5 /* Info.plist */,
				76768F4A209CF6A00074ADA5 /* Test03.xcdatamodeld */,
				76768F5A209CF9720074ADA5 /* SpendingViewController.swift */,
				76DA33A8209D44DD0088066D /* CategoryTableViewController.swift */,
				76DA33AA209D48890088066D /* TransactionListViewController.swift */,
			);
			path = Test03;
			sourceTree = "<group>";
		};
/* End PBXGroup section */

/* Begin PBXNativeTarget section */
		76768F3F209CF6A00074ADA5 /* Test03 */ = {
			isa = PBXNativeTarget;
			buildConfigurationList = 76768F55209CF6A00074ADA5 /* Build configuration list for PBXNativeTarget "Test03" */;
			buildPhases = (
				76768F3C209CF6A00074ADA5 /* Sources */,
				76768F3D209CF6A00074ADA5 /* Frameworks */,
				76768F3E209CF6A00074ADA5 /* Resources */,
			);
			buildRules = (
			);
			dependencies = (
			);
			name = Test03;
			productName = Test03;
			productReference = 76768F40209CF6A00074ADA5 /* Test03.app */;
			productType = "com.apple.product-type.application";
		};
/* End PBXNativeTarget section */

/* Begin PBXProject section */
		76768F38209CF6A00074ADA5 /* Project object */ = {
			isa = PBXProject;
			attributes = {
				LastSwiftUpdateCheck = 0920;
				LastUpgradeCheck = 0920;
				ORGANIZATIONNAME = cs.eku.edu;
				TargetAttributes = {
					76768F3F209CF6A00074ADA5 = {
						CreatedOnToolsVersion = 9.2;
						ProvisioningStyle = Automatic;
					};
				};
			};
			buildConfigurationList = 76768F3B209CF6A00074ADA5 /* Build configuration list for PBXProject "Test03" */;
			compatibilityVersion = "Xcode 8.0";
			developmentRegion = en;
			hasScannedForEncodings = 0;
			knownRegions = (
				en,
				Base,
			);
			mainGroup = 76768F37209CF6A00074ADA5;
			productRefGroup = 76768F41209CF6A00074ADA5 /* Products */;
			projectDirPath = "";
			projectRoot = "";
			targets = (
				76768F3F209CF6A00074ADA5 /* Test03 */,
			);
		};
/* End PBXProject section */

/* Begin PBXResourcesBuildPhase section */
		76768F3E209CF6A00074ADA5 /* Resources */ = {
			isa = PBXResourcesBuildPhase;
			buildActionMask = 2147483647;
			files = (
				76768F51209CF6A00074ADA5 /* LaunchScreen.storyboard in Resources */,
				76768F4E209CF6A00074ADA5 /* Assets.xcassets in Resources */,
				76768F49209CF6A00074ADA5 /* Main.storyboard in Resources */,
			);
			runOnlyForDeploymentPostprocessing = 0;
		};
/* End PBXResourcesBuildPhase section */

/* Begin PBXSourcesBuildPhase section */
		76768F3C209CF6A00074ADA5 /* Sources */ = {
			isa = PBXSourcesBuildPhase;
			buildActionMask = 2147483647;
			files = (
				76DA33AB209D48890088066D /* TransactionListViewController.swift in Sources */,
				76DA33A7209D42280088066D /* TransactionNavigationViewController.swift in Sources */,
				76768F4C209CF6A00074ADA5 /* Test03.xcdatamodeld in Sources */,
				76768F5B209CF9720074ADA5 /* SpendingViewController.swift in Sources */,
				76DA33A5209D3F750088066D /* MonthsTableViewController.swift in Sources */,
				76768F44209CF6A00074ADA5 /* AppDelegate.swift in Sources */,
				76DA33A9209D44DD0088066D /* CategoryTableViewController.swift in Sources */,
			);
			runOnlyForDeploymentPostprocessing = 0;
		};
/* End PBXSourcesBuildPhase section */

/* Begin PBXVariantGroup section */
		76768F47209CF6A00074ADA5 /* Main.storyboard */ = {
			isa = PBXVariantGroup;
			children = (
				76768F48209CF6A00074ADA5 /* Base */,
			);
			name = Main.storyboard;
			sourceTree = "<group>";
		};
		76768F4F209CF6A00074ADA5 /* LaunchScreen.storyboard */ = {
			isa = PBXVariantGroup;
			children = (
				76768F50209CF6A00074ADA5 /* Base */,
			);
			name = LaunchScreen.storyboard;
			sourceTree = "<group>";
		};
/* End PBXVariantGroup section */

/* Begin XCBuildConfiguration section */
		76768F53209CF6A00074ADA5 /* Debug */ = {
			isa = XCBuildConfiguration;
			buildSettings = {
				ALWAYS_SEARCH_USER_PATHS = NO;
				CLANG_ANALYZER_NONNULL = YES;
				CLANG_ANALYZER_NUMBER_OBJECT_CONVERSION = YES_AGGRESSIVE;
				CLANG_CXX_LANGUAGE_STANDARD = "gnu++14";
				CLANG_CXX_LIBRARY = "libc++";
				CLANG_ENABLE_MODULES = YES;
				CLANG_ENABLE_OBJC_ARC = YES;
				CLANG_WARN_BLOCK_CAPTURE_AUTORELEASING = YES;
				CLANG_WARN_BOOL_CONVERSION = YES;
				CLANG_WARN_COMMA = YES;
				CLANG_WARN_CONSTANT_CONVERSION = YES;
				CLANG_WARN_DIRECT_OBJC_ISA_USAGE = YES_ERROR;
				CLANG_WARN_DOCUMENTATION_COMMENTS = YES;
				CLANG_WARN_EMPTY_BODY = YES;
				CLANG_WARN_ENUM_CONVERSION = YES;
				CLANG_WARN_INFINITE_RECURSION = YES;
				CLANG_WARN_INT_CONVERSION = YES;
				CLANG_WARN_NON_LITERAL_NULL_CONVERSION = YES;
				CLANG_WARN_OBJC_LITERAL_CONVERSION = YES;
				CLANG_WARN_OBJC_ROOT_CLASS = YES_ERROR;
				CLANG_WARN_RANGE_LOOP_ANALYSIS = YES;
				CLANG_WARN_STRICT_PROTOTYPES = YES;
				CLANG_WARN_SUSPICIOUS_MOVE = YES;
				CLANG_WARN_UNGUARDED_AVAILABILITY = YES_AGGRESSIVE;
				CLANG_WARN_UNREACHABLE_CODE = YES;
				CLANG_WARN__DUPLICATE_METHOD_MATCH = YES;
				CODE_SIGN_IDENTITY = "iPhone Developer";
				COPY_PHASE_STRIP = NO;
				DEBUG_INFORMATION_FORMAT = dwarf;
				ENABLE_STRICT_OBJC_MSGSEND = YES;
				ENABLE_TESTABILITY = YES;
				GCC_C_LANGUAGE_STANDARD = gnu11;
				GCC_DYNAMIC_NO_PIC = NO;
				GCC_NO_COMMON_BLOCKS = YES;
				GCC_OPTIMIZATION_LEVEL = 0;
				GCC_PREPROCESSOR_DEFINITIONS = (
					"DEBUG=1",
					"$(inherited)",
				);
				GCC_WARN_64_TO_32_BIT_CONVERSION = YES;
				GCC_WARN_ABOUT_RETURN_TYPE = YES_ERROR;
				GCC_WARN_UNDECLARED_SELECTOR = YES;
				GCC_WARN_UNINITIALIZED_AUTOS = YES_AGGRESSIVE;
				GCC_WARN_UNUSED_FUNCTION = YES;
				GCC_WARN_UNUSED_VARIABLE = YES;
				IPHONEOS_DEPLOYMENT_TARGET = 11.2;
				MTL_ENABLE_DEBUG_INFO = YES;
				ONLY_ACTIVE_ARCH = YES;
				SDKROOT = iphoneos;
				SWIFT_ACTIVE_COMPILATION_CONDITIONS = DEBUG;
				SWIFT_OPTIMIZATION_LEVEL = "-Onone";
			};
			name = Debug;
		};
		76768F54209CF6A00074ADA5 /* Release */ = {
			isa = XCBuildConfiguration;
			buildSettings = {
				ALWAYS_SEARCH_USER_PATHS = NO;
				CLANG_ANALYZER_NONNULL = YES;
				CLANG_ANALYZER_NUMBER_OBJECT_CONVERSION = YES_AGGRESSIVE;
				CLANG_CXX_LANGUAGE_STANDARD = "gnu++14";
				CLANG_CXX_LIBRARY = "libc++";
				CLANG_ENABLE_MODULES = YES;
				CLANG_ENABLE_OBJC_ARC = YES;
				CLANG_WARN_BLOCK_CAPTURE_AUTORELEASING = YES;
				CLANG_WARN_BOOL_CONVERSION = YES;
				CLANG_WARN_COMMA = YES;
				CLANG_WARN_CONSTANT_CONVERSION = YES;
				CLANG_WARN_DIRECT_OBJC_ISA_USAGE = YES_ERROR;
				CLANG_WARN_DOCUMENTATION_COMMENTS = YES;
				CLANG_WARN_EMPTY_BODY = YES;
				CLANG_WARN_ENUM_CONVERSION = YES;
				CLANG_WARN_INFINITE_RECURSION = YES;
				CLANG_WARN_INT_CONVERSION = YES;
				CLANG_WARN_NON_LITERAL_NULL_CONVERSION = YES;
				CLANG_WARN_OBJC_LITERAL_CONVERSION = YES;
				CLANG_WARN_OBJC_ROOT_CLASS = YES_ERROR;
				CLANG_WARN_RANGE_LOOP_ANALYSIS = YES;
				CLANG_WARN_STRICT_PROTOTYPES = YES;
				CLANG_WARN_SUSPICIOUS_MOVE = YES;
				CLANG_WARN_UNGUARDED_AVAILABILITY = YES_AGGRESSIVE;
				CLANG_WARN_UNREACHABLE_CODE = YES;
				CLANG_WARN__DUPLICATE_METHOD_MATCH = YES;
				CODE_SIGN_IDENTITY = "iPhone Developer";
				COPY_PHASE_STRIP = NO;
				DEBUG_INFORMATION_FORMAT = "dwarf-with-dsym";
				ENABLE_NS_ASSERTIONS = NO;
				ENABLE_STRICT_OBJC_MSGSEND = YES;
				GCC_C_LANGUAGE_STANDARD = gnu11;
				GCC_NO_COMMON_BLOCKS = YES;
				GCC_WARN_64_TO_32_BIT_CONVERSION = YES;
				GCC_WARN_ABOUT_RETURN_TYPE = YES_ERROR;
				GCC_WARN_UNDECLARED_SELECTOR = YES;
				GCC_WARN_UNINITIALIZED_AUTOS = YES_AGGRESSIVE;
				GCC_WARN_UNUSED_FUNCTION = YES;
				GCC_WARN_UNUSED_VARIABLE = YES;
				IPHONEOS_DEPLOYMENT_TARGET = 11.2;
				MTL_ENABLE_DEBUG_INFO = NO;
				SDKROOT = iphoneos;
				SWIFT_OPTIMIZATION_LEVEL = "-Owholemodule";
				VALIDATE_PRODUCT = YES;
			};
			name = Release;
		};
		76768F56209CF6A00074ADA5 /* Debug */ = {
			isa = XCBuildConfiguration;
			buildSettings = {
				ASSETCATALOG_COMPILER_APPICON_NAME = AppIcon;
				CODE_SIGN_STYLE = Automatic;
				INFOPLIST_FILE = Test03/Info.plist;
				LD_RUNPATH_SEARCH_PATHS = "$(inherited) @executable_path/Frameworks";
				PRODUCT_BUNDLE_IDENTIFIER = edu.eku.CSC308Spring2018.Test03;
				PRODUCT_NAME = "$(TARGET_NAME)";
				SWIFT_VERSION = 4.0;
				TARGETED_DEVICE_FAMILY = "1,2";
			};
			name = Debug;
		};
		76768F57209CF6A00074ADA5 /* Release */ = {
			isa = XCBuildConfiguration;
			buildSettings = {
				ASSETCATALOG_COMPILER_APPICON_NAME = AppIcon;
				CODE_SIGN_STYLE = Automatic;
				INFOPLIST_FILE = Test03/Info.plist;
				LD_RUNPATH_SEARCH_PATHS = "$(inherited) @executable_path/Frameworks";
				PRODUCT_BUNDLE_IDENTIFIER = edu.eku.CSC308Spring2018.Test03;
				PRODUCT_NAME = "$(TARGET_NAME)";
				SWIFT_VERSION = 4.0;
				TARGETED_DEVICE_FAMILY = "1,2";
			};
			name = Release;
		};
/* End XCBuildConfiguration section */

/* Begin XCConfigurationList section */
		76768F3B209CF6A00074ADA5 /* Build configuration list for PBXProject "Test03" */ = {
			isa = XCConfigurationList;
			buildConfigurations = (
				76768F53209CF6A00074ADA5 /* Debug */,
				76768F54209CF6A00074ADA5 /* Release */,
			);
			defaultConfigurationIsVisible = 0;
			defaultConfigurationName = Release;
		};
		76768F55209CF6A00074ADA5 /* Build configuration list for PBXNativeTarget "Test03" */ = {
			isa = XCConfigurationList;
			buildConfigurations = (
				76768F56209CF6A00074ADA5 /* Debug */,
				76768F57209CF6A00074ADA5 /* Release */,
			);
			defaultConfigurationIsVisible = 0;
			defaultConfigurationName = Release;
		};
/* End XCConfigurationList section */

/* Begin XCVersionGroup section */
		76768F4A209CF6A00074ADA5 /* Test03.xcdatamodeld */ = {
			isa = XCVersionGroup;
			children = (
				76768F4B209CF6A00074ADA5 /* Test03.xcdatamodel */,
			);
			currentVersion = 76768F4B209CF6A00074ADA5 /* Test03.xcdatamodel */;
			path = Test03.xcdatamodeld;
			sourceTree = "<group>";
			versionGroupType = wrapper.xcdatamodel;
		};
/* End XCVersionGroup section */
	};
	rootObject = 76768F38209CF6A00074ADA5 /* Project object */;
}
