// !$*UTF8*$!
{
	archiveVersion = 1;
	classes = {
	};
	objectVersion = 48;
	objects = {

/* Begin PBXBuildFile section */
		76D4F130207CF63800F8A18B /* AppDelegate.swift in Sources */ = {isa = PBXBuildFile; fileRef = 76D4F12F207CF63800F8A18B /* AppDelegate.swift */; };
		76D4F135207CF63800F8A18B /* Main.storyboard in Resources */ = {isa = PBXBuildFile; fileRef = 76D4F133207CF63800F8A18B /* Main.storyboard */; };
		76D4F137207CF63800F8A18B /* Assets.xcassets in Resources */ = {isa = PBXBuildFile; fileRef = 76D4F136207CF63800F8A18B /* Assets.xcassets */; };
		76D4F13A207CF63800F8A18B /* LaunchScreen.storyboard in Resources */ = {isa = PBXBuildFile; fileRef = 76D4F138207CF63800F8A18B /* LaunchScreen.storyboard */; };
		76D4F144207CFFAE00F8A18B /* SettingsViewController.swift in Sources */ = {isa = PBXBuildFile; fileRef = 76D4F143207CFFAE00F8A18B /* SettingsViewController.swift */; };
		76D4F146207CFFF900F8A18B /* ReportViewController.swift in Sources */ = {isa = PBXBuildFile; fileRef = 76D4F145207CFFF900F8A18B /* ReportViewController.swift */; };
		76D4F148207D001700F8A18B /* LogActivitiesTableViewController.swift in Sources */ = {isa = PBXBuildFile; fileRef = 76D4F147207D001700F8A18B /* LogActivitiesTableViewController.swift */; };
		76D4F14A207D004800F8A18B /* TabBarViewController.swift in Sources */ = {isa = PBXBuildFile; fileRef = 76D4F149207D004800F8A18B /* TabBarViewController.swift */; };
/* End PBXBuildFile section */

/* Begin PBXFileReference section */
		76D4F12C207CF63800F8A18B /* Assignment08.app */ = {isa = PBXFileReference; explicitFileType = wrapper.application; includeInIndex = 0; path = Assignment08.app; sourceTree = BUILT_PRODUCTS_DIR; };
		76D4F12F207CF63800F8A18B /* AppDelegate.swift */ = {isa = PBXFileReference; lastKnownFileType = sourcecode.swift; path = AppDelegate.swift; sourceTree = "<group>"; };
		76D4F134207CF63800F8A18B /* Base */ = {isa = PBXFileReference; lastKnownFileType = file.storyboard; name = Base; path = Base.lproj/Main.storyboard; sourceTree = "<group>"; };
		76D4F136207CF63800F8A18B /* Assets.xcassets */ = {isa = PBXFileReference; lastKnownFileType = folder.assetcatalog; path = Assets.xcassets; sourceTree = "<group>"; };
		76D4F139207CF63800F8A18B /* Base */ = {isa = PBXFileReference; lastKnownFileType = file.storyboard; name = Base; path = Base.lproj/LaunchScreen.storyboard; sourceTree = "<group>"; };
		76D4F13B207CF63800F8A18B /* Info.plist */ = {isa = PBXFileReference; lastKnownFileType = text.plist.xml; path = Info.plist; sourceTree = "<group>"; };
		76D4F143207CFFAE00F8A18B /* SettingsViewController.swift */ = {isa = PBXFileReference; lastKnownFileType = sourcecode.swift; path = SettingsViewController.swift; sourceTree = "<group>"; };
		76D4F145207CFFF900F8A18B /* ReportViewController.swift */ = {isa = PBXFileReference; lastKnownFileType = sourcecode.swift; path = ReportViewController.swift; sourceTree = "<group>"; };
		76D4F147207D001700F8A18B /* LogActivitiesTableViewController.swift */ = {isa = PBXFileReference; lastKnownFileType = sourcecode.swift; path = LogActivitiesTableViewController.swift; sourceTree = "<group>"; };
		76D4F149207D004800F8A18B /* TabBarViewController.swift */ = {isa = PBXFileReference; lastKnownFileType = sourcecode.swift; path = TabBarViewController.swift; sourceTree = "<group>"; };
/* End PBXFileReference section */

/* Begin PBXFrameworksBuildPhase section */
		76D4F129207CF63800F8A18B /* Frameworks */ = {
			isa = PBXFrameworksBuildPhase;
			buildActionMask = 2147483647;
			files = (
			);
			runOnlyForDeploymentPostprocessing = 0;
		};
/* End PBXFrameworksBuildPhase section */

/* Begin PBXGroup section */
		76D4F123207CF63800F8A18B = {
			isa = PBXGroup;
			children = (
				76D4F12E207CF63800F8A18B /* Assignment08 */,
				76D4F12D207CF63800F8A18B /* Products */,
			);
			sourceTree = "<group>";
		};
		76D4F12D207CF63800F8A18B /* Products */ = {
			isa = PBXGroup;
			children = (
				76D4F12C207CF63800F8A18B /* Assignment08.app */,
			);
			name = Products;
			sourceTree = "<group>";
		};
		76D4F12E207CF63800F8A18B /* Assignment08 */ = {
			isa = PBXGroup;
			children = (
				76D4F12F207CF63800F8A18B /* AppDelegate.swift */,
				76D4F133207CF63800F8A18B /* Main.storyboard */,
				76D4F149207D004800F8A18B /* TabBarViewController.swift */,
				76D4F136207CF63800F8A18B /* Assets.xcassets */,
				76D4F138207CF63800F8A18B /* LaunchScreen.storyboard */,
				76D4F13B207CF63800F8A18B /* Info.plist */,
				76D4F143207CFFAE00F8A18B /* SettingsViewController.swift */,
				76D4F145207CFFF900F8A18B /* ReportViewController.swift */,
				76D4F147207D001700F8A18B /* LogActivitiesTableViewController.swift */,
			);
			path = Assignment08;
			sourceTree = "<group>";
		};
/* End PBXGroup section */

/* Begin PBXNativeTarget section */
		76D4F12B207CF63800F8A18B /* Assignment08 */ = {
			isa = PBXNativeTarget;
			buildConfigurationList = 76D4F13E207CF63800F8A18B /* Build configuration list for PBXNativeTarget "Assignment08" */;
			buildPhases = (
				76D4F128207CF63800F8A18B /* Sources */,
				76D4F129207CF63800F8A18B /* Frameworks */,
				76D4F12A207CF63800F8A18B /* Resources */,
			);
			buildRules = (
			);
			dependencies = (
			);
			name = Assignment08;
			productName = Assignment08;
			productReference = 76D4F12C207CF63800F8A18B /* Assignment08.app */;
			productType = "com.apple.product-type.application";
		};
/* End PBXNativeTarget section */

/* Begin PBXProject section */
		76D4F124207CF63800F8A18B /* Project object */ = {
			isa = PBXProject;
			attributes = {
				LastSwiftUpdateCheck = 0920;
				LastUpgradeCheck = 0920;
				ORGANIZATIONNAME = cs.eku.edu;
				TargetAttributes = {
					76D4F12B207CF63800F8A18B = {
						CreatedOnToolsVersion = 9.2;
						ProvisioningStyle = Automatic;
					};
				};
			};
			buildConfigurationList = 76D4F127207CF63800F8A18B /* Build configuration list for PBXProject "Assignment08" */;
			compatibilityVersion = "Xcode 8.0";
			developmentRegion = en;
			hasScannedForEncodings = 0;
			knownRegions = (
				en,
				Base,
			);
			mainGroup = 76D4F123207CF63800F8A18B;
			productRefGroup = 76D4F12D207CF63800F8A18B /* Products */;
			projectDirPath = "";
			projectRoot = "";
			targets = (
				76D4F12B207CF63800F8A18B /* Assignment08 */,
			);
		};
/* End PBXProject section */

/* Begin PBXResourcesBuildPhase section */
		76D4F12A207CF63800F8A18B /* Resources */ = {
			isa = PBXResourcesBuildPhase;
			buildActionMask = 2147483647;
			files = (
				76D4F13A207CF63800F8A18B /* LaunchScreen.storyboard in Resources */,
				76D4F137207CF63800F8A18B /* Assets.xcassets in Resources */,
				76D4F135207CF63800F8A18B /* Main.storyboard in Resources */,
			);
			runOnlyForDeploymentPostprocessing = 0;
		};
/* End PBXResourcesBuildPhase section */

/* Begin PBXSourcesBuildPhase section */
		76D4F128207CF63800F8A18B /* Sources */ = {
			isa = PBXSourcesBuildPhase;
			buildActionMask = 2147483647;
			files = (
				76D4F130207CF63800F8A18B /* AppDelegate.swift in Sources */,
				76D4F144207CFFAE00F8A18B /* SettingsViewController.swift in Sources */,
				76D4F146207CFFF900F8A18B /* ReportViewController.swift in Sources */,
				76D4F14A207D004800F8A18B /* TabBarViewController.swift in Sources */,
				76D4F148207D001700F8A18B /* LogActivitiesTableViewController.swift in Sources */,
			);
			runOnlyForDeploymentPostprocessing = 0;
		};
/* End PBXSourcesBuildPhase section */

/* Begin PBXVariantGroup section */
		76D4F133207CF63800F8A18B /* Main.storyboard */ = {
			isa = PBXVariantGroup;
			children = (
				76D4F134207CF63800F8A18B /* Base */,
			);
			name = Main.storyboard;
			sourceTree = "<group>";
		};
		76D4F138207CF63800F8A18B /* LaunchScreen.storyboard */ = {
			isa = PBXVariantGroup;
			children = (
				76D4F139207CF63800F8A18B /* Base */,
			);
			name = LaunchScreen.storyboard;
			sourceTree = "<group>";
		};
/* End PBXVariantGroup section */

/* Begin XCBuildConfiguration section */
		76D4F13C207CF63800F8A18B /* Debug */ = {
			isa = XCBuildConfiguration;
			buildSettings = {
				ALWAYS_SEARCH_USER_PATHS = NO;
				CLANG_ANALYZER_NONNULL = YES;
				CLANG_ANALYZER_NUMBER_OBJECT_CONVERSION = YES_AGGRESSIVE;
				CLANG_CXX_LANGUAGE_STANDARD = "gnu++14";
				CLANG_CXX_LIBRARY = "libc++";
				CLANG_ENABLE_MODULES = YES;
				CLANG_ENABLE_OBJC_ARC = YES;
				CLANG_WARN_BLOCK_CAPTURE_AUTORELEASING = YES;
				CLANG_WARN_BOOL_CONVERSION = YES;
				CLANG_WARN_COMMA = YES;
				CLANG_WARN_CONSTANT_CONVERSION = YES;
				CLANG_WARN_DIRECT_OBJC_ISA_USAGE = YES_ERROR;
				CLANG_WARN_DOCUMENTATION_COMMENTS = YES;
				CLANG_WARN_EMPTY_BODY = YES;
				CLANG_WARN_ENUM_CONVERSION = YES;
				CLANG_WARN_INFINITE_RECURSION = YES;
				CLANG_WARN_INT_CONVERSION = YES;
				CLANG_WARN_NON_LITERAL_NULL_CONVERSION = YES;
				CLANG_WARN_OBJC_LITERAL_CONVERSION = YES;
				CLANG_WARN_OBJC_ROOT_CLASS = YES_ERROR;
				CLANG_WARN_RANGE_LOOP_ANALYSIS = YES;
				CLANG_WARN_STRICT_PROTOTYPES = YES;
				CLANG_WARN_SUSPICIOUS_MOVE = YES;
				CLANG_WARN_UNGUARDED_AVAILABILITY = YES_AGGRESSIVE;
				CLANG_WARN_UNREACHABLE_CODE = YES;
				CLANG_WARN__DUPLICATE_METHOD_MATCH = YES;
				CODE_SIGN_IDENTITY = "iPhone Developer";
				COPY_PHASE_STRIP = NO;
				DEBUG_INFORMATION_FORMAT = dwarf;
				ENABLE_STRICT_OBJC_MSGSEND = YES;
				ENABLE_TESTABILITY = YES;
				GCC_C_LANGUAGE_STANDARD = gnu11;
				GCC_DYNAMIC_NO_PIC = NO;
				GCC_NO_COMMON_BLOCKS = YES;
				GCC_OPTIMIZATION_LEVEL = 0;
				GCC_PREPROCESSOR_DEFINITIONS = (
					"DEBUG=1",
					"$(inherited)",
				);
				GCC_WARN_64_TO_32_BIT_CONVERSION = YES;
				GCC_WARN_ABOUT_RETURN_TYPE = YES_ERROR;
				GCC_WARN_UNDECLARED_SELECTOR = YES;
				GCC_WARN_UNINITIALIZED_AUTOS = YES_AGGRESSIVE;
				GCC_WARN_UNUSED_FUNCTION = YES;
				GCC_WARN_UNUSED_VARIABLE = YES;
				IPHONEOS_DEPLOYMENT_TARGET = 11.2;
				MTL_ENABLE_DEBUG_INFO = YES;
				ONLY_ACTIVE_ARCH = YES;
				SDKROOT = iphoneos;
				SWIFT_ACTIVE_COMPILATION_CONDITIONS = DEBUG;
				SWIFT_OPTIMIZATION_LEVEL = "-Onone";
			};
			name = Debug;
		};
		76D4F13D207CF63800F8A18B /* Release */ = {
			isa = XCBuildConfiguration;
			buildSettings = {
				ALWAYS_SEARCH_USER_PATHS = NO;
				CLANG_ANALYZER_NONNULL = YES;
				CLANG_ANALYZER_NUMBER_OBJECT_CONVERSION = YES_AGGRESSIVE;
				CLANG_CXX_LANGUAGE_STANDARD = "gnu++14";
				CLANG_CXX_LIBRARY = "libc++";
				CLANG_ENABLE_MODULES = YES;
				CLANG_ENABLE_OBJC_ARC = YES;
				CLANG_WARN_BLOCK_CAPTURE_AUTORELEASING = YES;
				CLANG_WARN_BOOL_CONVERSION = YES;
				CLANG_WARN_COMMA = YES;
				CLANG_WARN_CONSTANT_CONVERSION = YES;
				CLANG_WARN_DIRECT_OBJC_ISA_USAGE = YES_ERROR;
				CLANG_WARN_DOCUMENTATION_COMMENTS = YES;
				CLANG_WARN_EMPTY_BODY = YES;
				CLANG_WARN_ENUM_CONVERSION = YES;
				CLANG_WARN_INFINITE_RECURSION = YES;
				CLANG_WARN_INT_CONVERSION = YES;
				CLANG_WARN_NON_LITERAL_NULL_CONVERSION = YES;
				CLANG_WARN_OBJC_LITERAL_CONVERSION = YES;
				CLANG_WARN_OBJC_ROOT_CLASS = YES_ERROR;
				CLANG_WARN_RANGE_LOOP_ANALYSIS = YES;
				CLANG_WARN_STRICT_PROTOTYPES = YES;
				CLANG_WARN_SUSPICIOUS_MOVE = YES;
				CLANG_WARN_UNGUARDED_AVAILABILITY = YES_AGGRESSIVE;
				CLANG_WARN_UNREACHABLE_CODE = YES;
				CLANG_WARN__DUPLICATE_METHOD_MATCH = YES;
				CODE_SIGN_IDENTITY = "iPhone Developer";
				COPY_PHASE_STRIP = NO;
				DEBUG_INFORMATION_FORMAT = "dwarf-with-dsym";
				ENABLE_NS_ASSERTIONS = NO;
				ENABLE_STRICT_OBJC_MSGSEND = YES;
				GCC_C_LANGUAGE_STANDARD = gnu11;
				GCC_NO_COMMON_BLOCKS = YES;
				GCC_WARN_64_TO_32_BIT_CONVERSION = YES;
				GCC_WARN_ABOUT_RETURN_TYPE = YES_ERROR;
				GCC_WARN_UNDECLARED_SELECTOR = YES;
				GCC_WARN_UNINITIALIZED_AUTOS = YES_AGGRESSIVE;
				GCC_WARN_UNUSED_FUNCTION = YES;
				GCC_WARN_UNUSED_VARIABLE = YES;
				IPHONEOS_DEPLOYMENT_TARGET = 11.2;
				MTL_ENABLE_DEBUG_INFO = NO;
				SDKROOT = iphoneos;
				SWIFT_OPTIMIZATION_LEVEL = "-Owholemodule";
				VALIDATE_PRODUCT = YES;
			};
			name = Release;
		};
		76D4F13F207CF63800F8A18B /* Debug */ = {
			isa = XCBuildConfiguration;
			buildSettings = {
				ASSETCATALOG_COMPILER_APPICON_NAME = AppIcon;
				CODE_SIGN_STYLE = Automatic;
				INFOPLIST_FILE = Assignment08/Info.plist;
				LD_RUNPATH_SEARCH_PATHS = "$(inherited) @executable_path/Frameworks";
				PRODUCT_BUNDLE_IDENTIFIER = edu.eku.CSC308Spring2018.Assignment08;
				PRODUCT_NAME = "$(TARGET_NAME)";
				SWIFT_VERSION = 4.0;
				TARGETED_DEVICE_FAMILY = "1,2";
			};
			name = Debug;
		};
		76D4F140207CF63800F8A18B /* Release */ = {
			isa = XCBuildConfiguration;
			buildSettings = {
				ASSETCATALOG_COMPILER_APPICON_NAME = AppIcon;
				CODE_SIGN_STYLE = Automatic;
				INFOPLIST_FILE = Assignment08/Info.plist;
				LD_RUNPATH_SEARCH_PATHS = "$(inherited) @executable_path/Frameworks";
				PRODUCT_BUNDLE_IDENTIFIER = edu.eku.CSC308Spring2018.Assignment08;
				PRODUCT_NAME = "$(TARGET_NAME)";
				SWIFT_VERSION = 4.0;
				TARGETED_DEVICE_FAMILY = "1,2";
			};
			name = Release;
		};
/* End XCBuildConfiguration section */

/* Begin XCConfigurationList section */
		76D4F127207CF63800F8A18B /* Build configuration list for PBXProject "Assignment08" */ = {
			isa = XCConfigurationList;
			buildConfigurations = (
				76D4F13C207CF63800F8A18B /* Debug */,
				76D4F13D207CF63800F8A18B /* Release */,
			);
			defaultConfigurationIsVisible = 0;
			defaultConfigurationName = Release;
		};
		76D4F13E207CF63800F8A18B /* Build configuration list for PBXNativeTarget "Assignment08" */ = {
			isa = XCConfigurationList;
			buildConfigurations = (
				76D4F13F207CF63800F8A18B /* Debug */,
				76D4F140207CF63800F8A18B /* Release */,
			);
			defaultConfigurationIsVisible = 0;
			defaultConfigurationName = Release;
		};
/* End XCConfigurationList section */
	};
	rootObject = 76D4F124207CF63800F8A18B /* Project object */;
}
