// !$*UTF8*$!
{
	archiveVersion = 1;
	classes = {
	};
	objectVersion = 48;
	objects = {

/* Begin PBXBuildFile section */
		76A01980203F3ABC00D1B4AE /* AppDelegate.swift in Sources */ = {isa = PBXBuildFile; fileRef = 76A0197F203F3ABC00D1B4AE /* AppDelegate.swift */; };
		76A01982203F3ABC00D1B4AE /* ViewController.swift in Sources */ = {isa = PBXBuildFile; fileRef = 76A01981203F3ABC00D1B4AE /* ViewController.swift */; };
		76A01985203F3ABC00D1B4AE /* Main.storyboard in Resources */ = {isa = PBXBuildFile; fileRef = 76A01983203F3ABC00D1B4AE /* Main.storyboard */; };
		76A01987203F3ABC00D1B4AE /* Assets.xcassets in Resources */ = {isa = PBXBuildFile; fileRef = 76A01986203F3ABC00D1B4AE /* Assets.xcassets */; };
		76A0198A203F3ABC00D1B4AE /* LaunchScreen.storyboard in Resources */ = {isa = PBXBuildFile; fileRef = 76A01988203F3ABC00D1B4AE /* LaunchScreen.storyboard */; };
/* End PBXBuildFile section */

/* Begin PBXFileReference section */
		76A0197C203F3ABC00D1B4AE /* Assignment04.app */ = {isa = PBXFileReference; explicitFileType = wrapper.application; includeInIndex = 0; path = Assignment04.app; sourceTree = BUILT_PRODUCTS_DIR; };
		76A0197F203F3ABC00D1B4AE /* AppDelegate.swift */ = {isa = PBXFileReference; lastKnownFileType = sourcecode.swift; path = AppDelegate.swift; sourceTree = "<group>"; };
		76A01981203F3ABC00D1B4AE /* ViewController.swift */ = {isa = PBXFileReference; lastKnownFileType = sourcecode.swift; path = ViewController.swift; sourceTree = "<group>"; };
		76A01984203F3ABC00D1B4AE /* Base */ = {isa = PBXFileReference; lastKnownFileType = file.storyboard; name = Base; path = Base.lproj/Main.storyboard; sourceTree = "<group>"; };
		76A01986203F3ABC00D1B4AE /* Assets.xcassets */ = {isa = PBXFileReference; lastKnownFileType = folder.assetcatalog; path = Assets.xcassets; sourceTree = "<group>"; };
		76A01989203F3ABC00D1B4AE /* Base */ = {isa = PBXFileReference; lastKnownFileType = file.storyboard; name = Base; path = Base.lproj/LaunchScreen.storyboard; sourceTree = "<group>"; };
		76A0198B203F3ABC00D1B4AE /* Info.plist */ = {isa = PBXFileReference; lastKnownFileType = text.plist.xml; path = Info.plist; sourceTree = "<group>"; };
/* End PBXFileReference section */

/* Begin PBXFrameworksBuildPhase section */
		76A01979203F3ABC00D1B4AE /* Frameworks */ = {
			isa = PBXFrameworksBuildPhase;
			buildActionMask = 2147483647;
			files = (
			);
			runOnlyForDeploymentPostprocessing = 0;
		};
/* End PBXFrameworksBuildPhase section */

/* Begin PBXGroup section */
		76A01973203F3ABC00D1B4AE = {
			isa = PBXGroup;
			children = (
				76A0197E203F3ABC00D1B4AE /* Assignment04 */,
				76A0197D203F3ABC00D1B4AE /* Products */,
			);
			sourceTree = "<group>";
		};
		76A0197D203F3ABC00D1B4AE /* Products */ = {
			isa = PBXGroup;
			children = (
				76A0197C203F3ABC00D1B4AE /* Assignment04.app */,
			);
			name = Products;
			sourceTree = "<group>";
		};
		76A0197E203F3ABC00D1B4AE /* Assignment04 */ = {
			isa = PBXGroup;
			children = (
				76A0197F203F3ABC00D1B4AE /* AppDelegate.swift */,
				76A01981203F3ABC00D1B4AE /* ViewController.swift */,
				76A01983203F3ABC00D1B4AE /* Main.storyboard */,
				76A01986203F3ABC00D1B4AE /* Assets.xcassets */,
				76A01988203F3ABC00D1B4AE /* LaunchScreen.storyboard */,
				76A0198B203F3ABC00D1B4AE /* Info.plist */,
			);
			path = Assignment04;
			sourceTree = "<group>";
		};
/* End PBXGroup section */

/* Begin PBXNativeTarget section */
		76A0197B203F3ABC00D1B4AE /* Assignment04 */ = {
			isa = PBXNativeTarget;
			buildConfigurationList = 76A0198E203F3ABC00D1B4AE /* Build configuration list for PBXNativeTarget "Assignment04" */;
			buildPhases = (
				76A01978203F3ABC00D1B4AE /* Sources */,
				76A01979203F3ABC00D1B4AE /* Frameworks */,
				76A0197A203F3ABC00D1B4AE /* Resources */,
			);
			buildRules = (
			);
			dependencies = (
			);
			name = Assignment04;
			productName = Assignment04;
			productReference = 76A0197C203F3ABC00D1B4AE /* Assignment04.app */;
			productType = "com.apple.product-type.application";
		};
/* End PBXNativeTarget section */

/* Begin PBXProject section */
		76A01974203F3ABC00D1B4AE /* Project object */ = {
			isa = PBXProject;
			attributes = {
				LastSwiftUpdateCheck = 0920;
				LastUpgradeCheck = 0920;
				ORGANIZATIONNAME = cs.eku.edu;
				TargetAttributes = {
					76A0197B203F3ABC00D1B4AE = {
						CreatedOnToolsVersion = 9.2;
						ProvisioningStyle = Automatic;
					};
				};
			};
			buildConfigurationList = 76A01977203F3ABC00D1B4AE /* Build configuration list for PBXProject "Assignment04" */;
			compatibilityVersion = "Xcode 8.0";
			developmentRegion = en;
			hasScannedForEncodings = 0;
			knownRegions = (
				en,
				Base,
			);
			mainGroup = 76A01973203F3ABC00D1B4AE;
			productRefGroup = 76A0197D203F3ABC00D1B4AE /* Products */;
			projectDirPath = "";
			projectRoot = "";
			targets = (
				76A0197B203F3ABC00D1B4AE /* Assignment04 */,
			);
		};
/* End PBXProject section */

/* Begin PBXResourcesBuildPhase section */
		76A0197A203F3ABC00D1B4AE /* Resources */ = {
			isa = PBXResourcesBuildPhase;
			buildActionMask = 2147483647;
			files = (
				76A0198A203F3ABC00D1B4AE /* LaunchScreen.storyboard in Resources */,
				76A01987203F3ABC00D1B4AE /* Assets.xcassets in Resources */,
				76A01985203F3ABC00D1B4AE /* Main.storyboard in Resources */,
			);
			runOnlyForDeploymentPostprocessing = 0;
		};
/* End PBXResourcesBuildPhase section */

/* Begin PBXSourcesBuildPhase section */
		76A01978203F3ABC00D1B4AE /* Sources */ = {
			isa = PBXSourcesBuildPhase;
			buildActionMask = 2147483647;
			files = (
				76A01982203F3ABC00D1B4AE /* ViewController.swift in Sources */,
				76A01980203F3ABC00D1B4AE /* AppDelegate.swift in Sources */,
			);
			runOnlyForDeploymentPostprocessing = 0;
		};
/* End PBXSourcesBuildPhase section */

/* Begin PBXVariantGroup section */
		76A01983203F3ABC00D1B4AE /* Main.storyboard */ = {
			isa = PBXVariantGroup;
			children = (
				76A01984203F3ABC00D1B4AE /* Base */,
			);
			name = Main.storyboard;
			sourceTree = "<group>";
		};
		76A01988203F3ABC00D1B4AE /* LaunchScreen.storyboard */ = {
			isa = PBXVariantGroup;
			children = (
				76A01989203F3ABC00D1B4AE /* Base */,
			);
			name = LaunchScreen.storyboard;
			sourceTree = "<group>";
		};
/* End PBXVariantGroup section */

/* Begin XCBuildConfiguration section */
		76A0198C203F3ABC00D1B4AE /* Debug */ = {
			isa = XCBuildConfiguration;
			buildSettings = {
				ALWAYS_SEARCH_USER_PATHS = NO;
				CLANG_ANALYZER_NONNULL = YES;
				CLANG_ANALYZER_NUMBER_OBJECT_CONVERSION = YES_AGGRESSIVE;
				CLANG_CXX_LANGUAGE_STANDARD = "gnu++14";
				CLANG_CXX_LIBRARY = "libc++";
				CLANG_ENABLE_MODULES = YES;
				CLANG_ENABLE_OBJC_ARC = YES;
				CLANG_WARN_BLOCK_CAPTURE_AUTORELEASING = YES;
				CLANG_WARN_BOOL_CONVERSION = YES;
				CLANG_WARN_COMMA = YES;
				CLANG_WARN_CONSTANT_CONVERSION = YES;
				CLANG_WARN_DIRECT_OBJC_ISA_USAGE = YES_ERROR;
				CLANG_WARN_DOCUMENTATION_COMMENTS = YES;
				CLANG_WARN_EMPTY_BODY = YES;
				CLANG_WARN_ENUM_CONVERSION = YES;
				CLANG_WARN_INFINITE_RECURSION = YES;
				CLANG_WARN_INT_CONVERSION = YES;
				CLANG_WARN_NON_LITERAL_NULL_CONVERSION = YES;
				CLANG_WARN_OBJC_LITERAL_CONVERSION = YES;
				CLANG_WARN_OBJC_ROOT_CLASS = YES_ERROR;
				CLANG_WARN_RANGE_LOOP_ANALYSIS = YES;
				CLANG_WARN_STRICT_PROTOTYPES = YES;
				CLANG_WARN_SUSPICIOUS_MOVE = YES;
				CLANG_WARN_UNGUARDED_AVAILABILITY = YES_AGGRESSIVE;
				CLANG_WARN_UNREACHABLE_CODE = YES;
				CLANG_WARN__DUPLICATE_METHOD_MATCH = YES;
				CODE_SIGN_IDENTITY = "iPhone Developer";
				COPY_PHASE_STRIP = NO;
				DEBUG_INFORMATION_FORMAT = dwarf;
				ENABLE_STRICT_OBJC_MSGSEND = YES;
				ENABLE_TESTABILITY = YES;
				GCC_C_LANGUAGE_STANDARD = gnu11;
				GCC_DYNAMIC_NO_PIC = NO;
				GCC_NO_COMMON_BLOCKS = YES;
				GCC_OPTIMIZATION_LEVEL = 0;
				GCC_PREPROCESSOR_DEFINITIONS = (
					"DEBUG=1",
					"$(inherited)",
				);
				GCC_WARN_64_TO_32_BIT_CONVERSION = YES;
				GCC_WARN_ABOUT_RETURN_TYPE = YES_ERROR;
				GCC_WARN_UNDECLARED_SELECTOR = YES;
				GCC_WARN_UNINITIALIZED_AUTOS = YES_AGGRESSIVE;
				GCC_WARN_UNUSED_FUNCTION = YES;
				GCC_WARN_UNUSED_VARIABLE = YES;
				IPHONEOS_DEPLOYMENT_TARGET = 11.2;
				MTL_ENABLE_DEBUG_INFO = YES;
				ONLY_ACTIVE_ARCH = YES;
				SDKROOT = iphoneos;
				SWIFT_ACTIVE_COMPILATION_CONDITIONS = DEBUG;
				SWIFT_OPTIMIZATION_LEVEL = "-Onone";
			};
			name = Debug;
		};
		76A0198D203F3ABC00D1B4AE /* Release */ = {
			isa = XCBuildConfiguration;
			buildSettings = {
				ALWAYS_SEARCH_USER_PATHS = NO;
				CLANG_ANALYZER_NONNULL = YES;
				CLANG_ANALYZER_NUMBER_OBJECT_CONVERSION = YES_AGGRESSIVE;
				CLANG_CXX_LANGUAGE_STANDARD = "gnu++14";
				CLANG_CXX_LIBRARY = "libc++";
				CLANG_ENABLE_MODULES = YES;
				CLANG_ENABLE_OBJC_ARC = YES;
				CLANG_WARN_BLOCK_CAPTURE_AUTORELEASING = YES;
				CLANG_WARN_BOOL_CONVERSION = YES;
				CLANG_WARN_COMMA = YES;
				CLANG_WARN_CONSTANT_CONVERSION = YES;
				CLANG_WARN_DIRECT_OBJC_ISA_USAGE = YES_ERROR;
				CLANG_WARN_DOCUMENTATION_COMMENTS = YES;
				CLANG_WARN_EMPTY_BODY = YES;
				CLANG_WARN_ENUM_CONVERSION = YES;
				CLANG_WARN_INFINITE_RECURSION = YES;
				CLANG_WARN_INT_CONVERSION = YES;
				CLANG_WARN_NON_LITERAL_NULL_CONVERSION = YES;
				CLANG_WARN_OBJC_LITERAL_CONVERSION = YES;
				CLANG_WARN_OBJC_ROOT_CLASS = YES_ERROR;
				CLANG_WARN_RANGE_LOOP_ANALYSIS = YES;
				CLANG_WARN_STRICT_PROTOTYPES = YES;
				CLANG_WARN_SUSPICIOUS_MOVE = YES;
				CLANG_WARN_UNGUARDED_AVAILABILITY = YES_AGGRESSIVE;
				CLANG_WARN_UNREACHABLE_CODE = YES;
				CLANG_WARN__DUPLICATE_METHOD_MATCH = YES;
				CODE_SIGN_IDENTITY = "iPhone Developer";
				COPY_PHASE_STRIP = NO;
				DEBUG_INFORMATION_FORMAT = "dwarf-with-dsym";
				ENABLE_NS_ASSERTIONS = NO;
				ENABLE_STRICT_OBJC_MSGSEND = YES;
				GCC_C_LANGUAGE_STANDARD = gnu11;
				GCC_NO_COMMON_BLOCKS = YES;
				GCC_WARN_64_TO_32_BIT_CONVERSION = YES;
				GCC_WARN_ABOUT_RETURN_TYPE = YES_ERROR;
				GCC_WARN_UNDECLARED_SELECTOR = YES;
				GCC_WARN_UNINITIALIZED_AUTOS = YES_AGGRESSIVE;
				GCC_WARN_UNUSED_FUNCTION = YES;
				GCC_WARN_UNUSED_VARIABLE = YES;
				IPHONEOS_DEPLOYMENT_TARGET = 11.2;
				MTL_ENABLE_DEBUG_INFO = NO;
				SDKROOT = iphoneos;
				SWIFT_OPTIMIZATION_LEVEL = "-Owholemodule";
				VALIDATE_PRODUCT = YES;
			};
			name = Release;
		};
		76A0198F203F3ABC00D1B4AE /* Debug */ = {
			isa = XCBuildConfiguration;
			buildSettings = {
				ASSETCATALOG_COMPILER_APPICON_NAME = AppIcon;
				CODE_SIGN_STYLE = Automatic;
				INFOPLIST_FILE = Assignment04/Info.plist;
				LD_RUNPATH_SEARCH_PATHS = "$(inherited) @executable_path/Frameworks";
				PRODUCT_BUNDLE_IDENTIFIER = edu.eku.CSC308Spring2018.Assignment04;
				PRODUCT_NAME = "$(TARGET_NAME)";
				SWIFT_VERSION = 4.0;
				TARGETED_DEVICE_FAMILY = "1,2";
			};
			name = Debug;
		};
		76A01990203F3ABC00D1B4AE /* Release */ = {
			isa = XCBuildConfiguration;
			buildSettings = {
				ASSETCATALOG_COMPILER_APPICON_NAME = AppIcon;
				CODE_SIGN_STYLE = Automatic;
				INFOPLIST_FILE = Assignment04/Info.plist;
				LD_RUNPATH_SEARCH_PATHS = "$(inherited) @executable_path/Frameworks";
				PRODUCT_BUNDLE_IDENTIFIER = edu.eku.CSC308Spring2018.Assignment04;
				PRODUCT_NAME = "$(TARGET_NAME)";
				SWIFT_VERSION = 4.0;
				TARGETED_DEVICE_FAMILY = "1,2";
			};
			name = Release;
		};
/* End XCBuildConfiguration section */

/* Begin XCConfigurationList section */
		76A01977203F3ABC00D1B4AE /* Build configuration list for PBXProject "Assignment04" */ = {
			isa = XCConfigurationList;
			buildConfigurations = (
				76A0198C203F3ABC00D1B4AE /* Debug */,
				76A0198D203F3ABC00D1B4AE /* Release */,
			);
			defaultConfigurationIsVisible = 0;
			defaultConfigurationName = Release;
		};
		76A0198E203F3ABC00D1B4AE /* Build configuration list for PBXNativeTarget "Assignment04" */ = {
			isa = XCConfigurationList;
			buildConfigurations = (
				76A0198F203F3ABC00D1B4AE /* Debug */,
				76A01990203F3ABC00D1B4AE /* Release */,
			);
			defaultConfigurationIsVisible = 0;
			defaultConfigurationName = Release;
		};
/* End XCConfigurationList section */
	};
	rootObject = 76A01974203F3ABC00D1B4AE /* Project object */;
}
